hash: 64e73072d1877041d88a691f45187df83799e1eea1b3c4a54d25818a510b67f0
updated: 2018-06-23T19:22:34.490732+03:00
imports:
- name: github.com/caarlos0/env
  version: 1cddc31c48c56ecd700d873edb9fd5b6f5df922a
- name: github.com/gorilla/context
  version: 08b5f424b9271eedf6f9f0ce86cb9396ed337a42
- name: github.com/gorilla/mux
  version: e3702bed27f0d39777b0b37b664b6280e8ef8fbf
- name: github.com/gorilla/securecookie
  version: 78f3d318a8bf316cda921f25e96fd0b441c5173d
- name: github.com/gorilla/sessions
  version: 03b6f63cc43ef9c7240a635a5e22b13180e822b8
- name: github.com/jmoiron/sqlx
  version: 0dae4fefe7c0e190f7b5a78dac28a1c82cc8d849
  subpackages:
  - reflectx
- name: github.com/joeshaw/envdecode
  version: c9e0158544672841c3ebf49308f536d918f2e525
- name: golang.org/x/crypto
  version: 9477e0b78b9ac3d0b03822fd95422e2fe07627cd
  subpackages:
  - bcrypt
  - blowfish
testImports: []
